github.com/go-test/deep v1.1.0 h1:WOcxcdHcvdgThNXjw0t76K42FXTU7HpNQWHpA2HHNlg=
github.com/progrium/macdriver v0.4.1-0.20230817085234-363adeff1ee6 h1:l4e3uub+/6deMKaDvXHw1rKs2dpF4+3yHNP/W5zsfgQ=
github.com/progrium/macdriver v0.4.1-0.20230817085234-363adeff1ee6/go.mod h1:eGZ1EqLpM/E39G7m1QwqPWwP8lu1eLYKuMaZGqt7P3w=
